
Microsoft Visual Studio Solution File, Format Version 12.00
# Visual Studio Version 17
VisualStudioVersion = 17.11.35219.272
MinimumVisualStudioVersion = 10.0.40219.1
Project("{FAE04EC0-301F-11D3-BF4B-00C04F79EFBC}") = "MemoryGameProject", "MemoryGameProject\MemoryGameProject.csproj", "{14A207A7-1B53-428E-B895-64FB4A9AB692}"
EndProject
Global
	GlobalSection(SolutionConfigurationPlatforms) = preSolution
		Debug|Any CPU = Debug|Any CPU
		Release|Any CPU = Release|Any CPU
	EndGlobalSection
	GlobalSection(ProjectConfigurationPlatforms) = postSolution
		{14A207A7-1B53-428E-B895-64FB4A9AB692}.Debug|Any CPU.ActiveCfg = Debug|Any CPU
		{14A207A7-1B53-428E-B895-64FB4A9AB692}.Debug|Any CPU.Build.0 = Debug|Any CPU
		{14A207A7-1B53-428E-B895-64FB4A9AB692}.Release|Any CPU.ActiveCfg = Release|Any CPU
		{14A207A7-1B53-428E-B895-64FB4A9AB692}.Release|Any CPU.Build.0 = Release|Any CPU
	EndGlobalSection
	GlobalSection(SolutionProperties) = preSolution
		HideSolutionNode = FALSE
	EndGlobalSection
	GlobalSection(ExtensibilityGlobals) = postSolution
		SolutionGuid = {5C610D4D-ABD2-4699-9A7B-4FD2ECA4389C}
	EndGlobalSection
EndGlobal
